
Microsoft Visual Studio Solution File, Format Version 12.00
# Visual Studio Version 16
VisualStudioVersion = 16.0.30717.126
MinimumVisualStudioVersion = 10.0.40219.1
Project("{9A19103F-16F7-4668-BE54-9A1E7A4F7556}") = "uxapi", "backend\uxapi.csproj", "{FE983C25-EE9C-4B57-81A5-3E95CD883F82}"
EndProject
Global
	GlobalSection(SolutionConfigurationPlatforms) = preSolution
		Debug|Any CPU = Debug|Any CPU
		Release|Any CPU = Release|Any CPU
	EndGlobalSection
	GlobalSection(ProjectConfigurationPlatforms) = postSolution
		{FE983C25-EE9C-4B57-81A5-3E95CD883F82}.Debug|Any CPU.ActiveCfg = Debug|Any CPU
		{FE983C25-EE9C-4B57-81A5-3E95CD883F82}.Debug|Any CPU.Build.0 = Debug|Any CPU
		{FE983C25-EE9C-4B57-81A5-3E95CD883F82}.Release|Any CPU.ActiveCfg = Release|Any CPU
		{FE983C25-EE9C-4B57-81A5-3E95CD883F82}.Release|Any CPU.Build.0 = Release|Any CPU
	EndGlobalSection
	GlobalSection(SolutionProperties) = preSolution
		HideSolutionNode = FALSE
	EndGlobalSection
	GlobalSection(ExtensibilityGlobals) = postSolution
		SolutionGuid = {7C3250FC-5D52-4056-B3F6-597671BCC3A1}
	EndGlobalSection
EndGlobal
