
Microsoft Visual Studio Solution File, Format Version 12.00
# Visual Studio Version 16
VisualStudioVersion = 16.0.30330.147
MinimumVisualStudioVersion = 10.0.40219.1
Project("{9A19103F-16F7-4668-BE54-9A1E7A4F7556}") = "uxapi", "uxapi.csproj", "{7F3B874E-F2EC-4BD9-BDE0-8D00E6CE802A}"
EndProject
Global
	GlobalSection(SolutionConfigurationPlatforms) = preSolution
		Debug|Any CPU = Debug|Any CPU
		Release|Any CPU = Release|Any CPU
	EndGlobalSection
	GlobalSection(ProjectConfigurationPlatforms) = postSolution
		{7F3B874E-F2EC-4BD9-BDE0-8D00E6CE802A}.Debug|Any CPU.ActiveCfg = Debug|Any CPU
		{7F3B874E-F2EC-4BD9-BDE0-8D00E6CE802A}.Debug|Any CPU.Build.0 = Debug|Any CPU
		{7F3B874E-F2EC-4BD9-BDE0-8D00E6CE802A}.Release|Any CPU.ActiveCfg = Release|Any CPU
		{7F3B874E-F2EC-4BD9-BDE0-8D00E6CE802A}.Release|Any CPU.Build.0 = Release|Any CPU
	EndGlobalSection
	GlobalSection(SolutionProperties) = preSolution
		HideSolutionNode = FALSE
	EndGlobalSection
	GlobalSection(ExtensibilityGlobals) = postSolution
		SolutionGuid = {4995BB0C-FB9E-4D45-8788-0054A2828A8D}
	EndGlobalSection
EndGlobal
